
Microsoft Visual Studio Solution File, Format Version 12.00
# Visual Studio Version 17
VisualStudioVersion = 17.10.34928.147
MinimumVisualStudioVersion = 10.0.40219.1
Project("{FAE04EC0-301F-11D3-BF4B-00C04F79EFBC}") = "RhitmoTech.Estacionamento", "Estacionamento\RhitmoTech.Estacionamento.csproj", "{9FAA69A3-88FF-4E5C-8B2A-74588618809E}"
EndProject
Project("{FAE04EC0-301F-11D3-BF4B-00C04F79EFBC}") = "RhitmoTech.Test", "RhitmoTech.Test\RhitmoTech.Test.csproj", "{BCBAEA5F-8AEA-4D61-9D1E-34B65EFB9D66}"
EndProject
Global
	GlobalSection(SolutionConfigurationPlatforms) = preSolution
		Debug|Any CPU = Debug|Any CPU
		Release|Any CPU = Release|Any CPU
	EndGlobalSection
	GlobalSection(ProjectConfigurationPlatforms) = postSolution
		{9FAA69A3-88FF-4E5C-8B2A-74588618809E}.Debug|Any CPU.ActiveCfg = Debug|Any CPU
		{9FAA69A3-88FF-4E5C-8B2A-74588618809E}.Debug|Any CPU.Build.0 = Debug|Any CPU
		{9FAA69A3-88FF-4E5C-8B2A-74588618809E}.Release|Any CPU.ActiveCfg = Release|Any CPU
		{9FAA69A3-88FF-4E5C-8B2A-74588618809E}.Release|Any CPU.Build.0 = Release|Any CPU
		{BCBAEA5F-8AEA-4D61-9D1E-34B65EFB9D66}.Debug|Any CPU.ActiveCfg = Debug|Any CPU
		{BCBAEA5F-8AEA-4D61-9D1E-34B65EFB9D66}.Debug|Any CPU.Build.0 = Debug|Any CPU
		{BCBAEA5F-8AEA-4D61-9D1E-34B65EFB9D66}.Release|Any CPU.ActiveCfg = Release|Any CPU
		{BCBAEA5F-8AEA-4D61-9D1E-34B65EFB9D66}.Release|Any CPU.Build.0 = Release|Any CPU
	EndGlobalSection
	GlobalSection(SolutionProperties) = preSolution
		HideSolutionNode = FALSE
	EndGlobalSection
	GlobalSection(ExtensibilityGlobals) = postSolution
		SolutionGuid = {BF7B2148-3AF5-4DC3-B3E0-E9AFE0CD339A}
	EndGlobalSection
EndGlobal
